{
  "object": {
    "pins": [
      {
        "package": "Socket",
        "repositoryURL": "https://github.com/IBM-Swift/BlueSocket.git",
        "state": {
          "branch": null,
          "revision": "49b2e913573e0d7cbcc978590b9b247bf94e3d04",
          "version": "1.0.2"
        }
      },
      {
        "package": "PanasonicEasyIPsetupCore",
        "repositoryURL": "/Users/damiaan/Documents/Projecten/PanasonicEasyIPsetupCore",
        "state": {
          "branch": "master",
          "revision": "f44be08b96360e21f53e00a8164b9969b1b7cf9a",
          "version": null
        }
      },
      {
        "package": "NetUtils",
        "repositoryURL": "https://github.com/svdo/swift-netutils",
        "state": {
          "branch": null,
          "revision": "37395a522f49bea24be11aba48b26bf978098606",
          "version": "4.0.2"
        }
      }
    ]
  },
  "version": 1
}
