{
  "object": {
    "pins": [
      {
        "package": "Socket",
        "repositoryURL": "https://github.com/IBM-Swift/BlueSocket.git",
        "state": {
          "branch": null,
          "revision": "6e19b6161cf38829effc3c234f4cc3e13c815d9a",
          "version": "1.0.3"
        }
      },
      {
        "package": "PanasonicEasyIPsetupCore",
        "repositoryURL": "https://github.com/dPro-Software/PanasonicEasyIPsetupCore",
        "state": {
          "branch": null,
          "revision": "7a1ec4206d89ec273e22725e7713cd922e902aa9",
          "version": "1.0.0"
        }
      },
      {
        "package": "NetUtils",
        "repositoryURL": "https://github.com/svdo/swift-netutils",
        "state": {
          "branch": null,
          "revision": "37395a522f49bea24be11aba48b26bf978098606",
          "version": "4.0.2"
        }
      }
    ]
  },
  "version": 1
}
